
Microsoft Visual Studio Solution File, Format Version 12.00
# Visual Studio Version 16
VisualStudioVersion = 16.0.33927.289
MinimumVisualStudioVersion = 10.0.40219.1
Project("{2150E333-8FDC-42A3-9474-1A3956D46DE8}") = "Task0", "Task0", "{F5872AEE-AD94-432E-BFCD-978EF7BD4DA1}"
EndProject
Project("{FAE04EC0-301F-11D3-BF4B-00C04F79EFBC}") = "Tyuiu.BardievaGA.Sprint3.Task0.V23", "Tyuiu.BardievaGA.Sprint3.Task0.V23\Tyuiu.BardievaGA.Sprint3.Task0.V23.csproj", "{BA0F20A9-E4ED-48C4-9493-48821C65ECDA}"
EndProject
Project("{FAE04EC0-301F-11D3-BF4B-00C04F79EFBC}") = "Tyuiu.BardievaGA.Sprint3.Task0.V23.Lib", "Tyuiu.BardievaGA.Sprint3.Task0.V23.Lib\Tyuiu.BardievaGA.Sprint3.Task0.V23.Lib.csproj", "{4A1237F9-7573-4BAD-9EA8-B8A1563F008F}"
EndProject
Project("{FAE04EC0-301F-11D3-BF4B-00C04F79EFBC}") = "Tyuiu.BardievaGA.Sprint3.Task0.V23.Test", "Tyuiu.BardievaGA.Sprint3.Task0.V23.Test\Tyuiu.BardievaGA.Sprint3.Task0.V23.Test.csproj", "{B141CA3B-C23B-4784-9A0C-EC15BB01092C}"
EndProject
Project("{2150E333-8FDC-42A3-9474-1A3956D46DE8}") = "Task1", "Task1", "{FF8CDE9B-F91A-4429-9029-AA55076A4F28}"
EndProject
Project("{FAE04EC0-301F-11D3-BF4B-00C04F79EFBC}") = "Tyuiu.BardievaGA.Sprint3.Task1.V6", "Tyuiu.BardievaGA.Sprint3.Task1.V6\Tyuiu.BardievaGA.Sprint3.Task1.V6.csproj", "{79A28D5A-9880-435E-A8EA-FE9FDFF262EA}"
EndProject
Project("{FAE04EC0-301F-11D3-BF4B-00C04F79EFBC}") = "Tyuiu.BardievaGA.Sprint3.Task1.V6.Lib", "Tyuiu.BardievaGA.Sprint3.Task1.V6.Lib\Tyuiu.BardievaGA.Sprint3.Task1.V6.Lib.csproj", "{52C396D9-F866-4B27-84B9-1BC1499C8DC2}"
EndProject
Project("{FAE04EC0-301F-11D3-BF4B-00C04F79EFBC}") = "Tyuiu.BardievaGA.Sprint3.Task1.V6.Test", "Tyuiu.BardievaGA.Sprint3.Task1.V6.Test\Tyuiu.BardievaGA.Sprint3.Task1.V6.Test.csproj", "{5B9EBEE0-E43D-4821-882A-A56FCF62857F}"
EndProject
Global
	GlobalSection(SolutionConfigurationPlatforms) = preSolution
		Debug|Any CPU = Debug|Any CPU
		Release|Any CPU = Release|Any CPU
	EndGlobalSection
	GlobalSection(ProjectConfigurationPlatforms) = postSolution
		{BA0F20A9-E4ED-48C4-9493-48821C65ECDA}.Debug|Any CPU.ActiveCfg = Debug|Any CPU
		{BA0F20A9-E4ED-48C4-9493-48821C65ECDA}.Debug|Any CPU.Build.0 = Debug|Any CPU
		{BA0F20A9-E4ED-48C4-9493-48821C65ECDA}.Release|Any CPU.ActiveCfg = Release|Any CPU
		{BA0F20A9-E4ED-48C4-9493-48821C65ECDA}.Release|Any CPU.Build.0 = Release|Any CPU
		{4A1237F9-7573-4BAD-9EA8-B8A1563F008F}.Debug|Any CPU.ActiveCfg = Debug|Any CPU
		{4A1237F9-7573-4BAD-9EA8-B8A1563F008F}.Debug|Any CPU.Build.0 = Debug|Any CPU
		{4A1237F9-7573-4BAD-9EA8-B8A1563F008F}.Release|Any CPU.ActiveCfg = Release|Any CPU
		{4A1237F9-7573-4BAD-9EA8-B8A1563F008F}.Release|Any CPU.Build.0 = Release|Any CPU
		{B141CA3B-C23B-4784-9A0C-EC15BB01092C}.Debug|Any CPU.ActiveCfg = Debug|Any CPU
		{B141CA3B-C23B-4784-9A0C-EC15BB01092C}.Debug|Any CPU.Build.0 = Debug|Any CPU
		{B141CA3B-C23B-4784-9A0C-EC15BB01092C}.Release|Any CPU.ActiveCfg = Release|Any CPU
		{B141CA3B-C23B-4784-9A0C-EC15BB01092C}.Release|Any CPU.Build.0 = Release|Any CPU
		{79A28D5A-9880-435E-A8EA-FE9FDFF262EA}.Debug|Any CPU.ActiveCfg = Debug|Any CPU
		{79A28D5A-9880-435E-A8EA-FE9FDFF262EA}.Debug|Any CPU.Build.0 = Debug|Any CPU
		{79A28D5A-9880-435E-A8EA-FE9FDFF262EA}.Release|Any CPU.ActiveCfg = Release|Any CPU
		{79A28D5A-9880-435E-A8EA-FE9FDFF262EA}.Release|Any CPU.Build.0 = Release|Any CPU
		{52C396D9-F866-4B27-84B9-1BC1499C8DC2}.Debug|Any CPU.ActiveCfg = Debug|Any CPU
		{52C396D9-F866-4B27-84B9-1BC1499C8DC2}.Debug|Any CPU.Build.0 = Debug|Any CPU
		{52C396D9-F866-4B27-84B9-1BC1499C8DC2}.Release|Any CPU.ActiveCfg = Release|Any CPU
		{52C396D9-F866-4B27-84B9-1BC1499C8DC2}.Release|Any CPU.Build.0 = Release|Any CPU
		{5B9EBEE0-E43D-4821-882A-A56FCF62857F}.Debug|Any CPU.ActiveCfg = Debug|Any CPU
		{5B9EBEE0-E43D-4821-882A-A56FCF62857F}.Debug|Any CPU.Build.0 = Debug|Any CPU
		{5B9EBEE0-E43D-4821-882A-A56FCF62857F}.Release|Any CPU.ActiveCfg = Release|Any CPU
		{5B9EBEE0-E43D-4821-882A-A56FCF62857F}.Release|Any CPU.Build.0 = Release|Any CPU
	EndGlobalSection
	GlobalSection(SolutionProperties) = preSolution
		HideSolutionNode = FALSE
	EndGlobalSection
	GlobalSection(NestedProjects) = preSolution
		{BA0F20A9-E4ED-48C4-9493-48821C65ECDA} = {F5872AEE-AD94-432E-BFCD-978EF7BD4DA1}
		{4A1237F9-7573-4BAD-9EA8-B8A1563F008F} = {F5872AEE-AD94-432E-BFCD-978EF7BD4DA1}
		{B141CA3B-C23B-4784-9A0C-EC15BB01092C} = {F5872AEE-AD94-432E-BFCD-978EF7BD4DA1}
		{79A28D5A-9880-435E-A8EA-FE9FDFF262EA} = {FF8CDE9B-F91A-4429-9029-AA55076A4F28}
		{52C396D9-F866-4B27-84B9-1BC1499C8DC2} = {FF8CDE9B-F91A-4429-9029-AA55076A4F28}
		{5B9EBEE0-E43D-4821-882A-A56FCF62857F} = {FF8CDE9B-F91A-4429-9029-AA55076A4F28}
	EndGlobalSection
	GlobalSection(ExtensibilityGlobals) = postSolution
		SolutionGuid = {E2DFD033-FCA0-47BA-A15F-535194DAF593}
	EndGlobalSection
EndGlobal
